// !$*UTF8*$!
{
	archiveVersion = 1;
	classes = {
	};
	objectVersion = 56;
	objects = {

/* Begin PBXBuildFile section */
		2790D4979CAAC6479910C1F8 /* Pods_DI_Example.framework in Frameworks */ = {isa = PBXBuildFile; fileRef = 1F6EB56A2008C6469D6813D7 /* Pods_DI_Example.framework */; };
		7E68852A298DA51400E02D31 /* AppDelegate.swift in Sources */ = {isa = PBXBuildFile; fileRef = 7E688529298DA51400E02D31 /* AppDelegate.swift */; };
		7E68852C298DA51400E02D31 /* SceneDelegate.swift in Sources */ = {isa = PBXBuildFile; fileRef = 7E68852B298DA51400E02D31 /* SceneDelegate.swift */; };
		7E68852E298DA51400E02D31 /* ViewController.swift in Sources */ = {isa = PBXBuildFile; fileRef = 7E68852D298DA51400E02D31 /* ViewController.swift */; };
		7E688531298DA51400E02D31 /* Main.storyboard in Resources */ = {isa = PBXBuildFile; fileRef = 7E68852F298DA51400E02D31 /* Main.storyboard */; };
		7E688533298DA51600E02D31 /* Assets.xcassets in Resources */ = {isa = PBXBuildFile; fileRef = 7E688532298DA51600E02D31 /* Assets.xcassets */; };
		7E688536298DA51600E02D31 /* LaunchScreen.storyboard in Resources */ = {isa = PBXBuildFile; fileRef = 7E688534298DA51600E02D31 /* LaunchScreen.storyboard */; };
		7E688541298DA51700E02D31 /* DI_ExampleTests.swift in Sources */ = {isa = PBXBuildFile; fileRef = 7E688540298DA51700E02D31 /* DI_ExampleTests.swift */; };
		7E68854B298DA51700E02D31 /* DI_ExampleUITests.swift in Sources */ = {isa = PBXBuildFile; fileRef = 7E68854A298DA51700E02D31 /* DI_ExampleUITests.swift */; };
		7E68854D298DA51700E02D31 /* DI_ExampleUITestsLaunchTests.swift in Sources */ = {isa = PBXBuildFile; fileRef = 7E68854C298DA51700E02D31 /* DI_ExampleUITestsLaunchTests.swift */; };
		AB96AC1E2A047F94518AA6AF /* Pods_DI_ExampleTests.framework in Frameworks */ = {isa = PBXBuildFile; fileRef = E83C618858CF060ADB5C1B92 /* Pods_DI_ExampleTests.framework */; };
		FFC518405F5E4E0F93334E6B /* Pods_DI_Example_DI_ExampleUITests.framework in Frameworks */ = {isa = PBXBuildFile; fileRef = B2D462537A5BD43A13857917 /* Pods_DI_Example_DI_ExampleUITests.framework */; };
/* End PBXBuildFile section */

/* Begin PBXContainerItemProxy section */
		7E68853D298DA51700E02D31 /* PBXContainerItemProxy */ = {
			isa = PBXContainerItemProxy;
			containerPortal = 7E68851E298DA51400E02D31 /* Project object */;
			proxyType = 1;
			remoteGlobalIDString = 7E688525298DA51400E02D31;
			remoteInfo = "DI-Example";
		};
		7E688547298DA51700E02D31 /* PBXContainerItemProxy */ = {
			isa = PBXContainerItemProxy;
			containerPortal = 7E68851E298DA51400E02D31 /* Project object */;
			proxyType = 1;
			remoteGlobalIDString = 7E688525298DA51400E02D31;
			remoteInfo = "DI-Example";
		};
/* End PBXContainerItemProxy section */

/* Begin PBXFileReference section */
		1F6EB56A2008C6469D6813D7 /* Pods_DI_Example.framework */ = {isa = PBXFileReference; explicitFileType = wrapper.framework; includeInIndex = 0; path = Pods_DI_Example.framework; sourceTree = BUILT_PRODUCTS_DIR; };
		7E688526298DA51400E02D31 /* DI-Example.app */ = {isa = PBXFileReference; explicitFileType = wrapper.application; includeInIndex = 0; path = "DI-Example.app"; sourceTree = BUILT_PRODUCTS_DIR; };
		7E688529298DA51400E02D31 /* AppDelegate.swift */ = {isa = PBXFileReference; lastKnownFileType = sourcecode.swift; path = AppDelegate.swift; sourceTree = "<group>"; };
		7E68852B298DA51400E02D31 /* SceneDelegate.swift */ = {isa = PBXFileReference; lastKnownFileType = sourcecode.swift; path = SceneDelegate.swift; sourceTree = "<group>"; };
		7E68852D298DA51400E02D31 /* ViewController.swift */ = {isa = PBXFileReference; lastKnownFileType = sourcecode.swift; path = ViewController.swift; sourceTree = "<group>"; };
		7E688530298DA51400E02D31 /* Base */ = {isa = PBXFileReference; lastKnownFileType = file.storyboard; name = Base; path = Base.lproj/Main.storyboard; sourceTree = "<group>"; };
		7E688532298DA51600E02D31 /* Assets.xcassets */ = {isa = PBXFileReference; lastKnownFileType = folder.assetcatalog; path = Assets.xcassets; sourceTree = "<group>"; };
		7E688535298DA51600E02D31 /* Base */ = {isa = PBXFileReference; lastKnownFileType = file.storyboard; name = Base; path = Base.lproj/LaunchScreen.storyboard; sourceTree = "<group>"; };
		7E688537298DA51600E02D31 /* Info.plist */ = {isa = PBXFileReference; lastKnownFileType = text.plist.xml; path = Info.plist; sourceTree = "<group>"; };
		7E68853C298DA51700E02D31 /* DI-ExampleTests.xctest */ = {isa = PBXFileReference; explicitFileType = wrapper.cfbundle; includeInIndex = 0; path = "DI-ExampleTests.xctest"; sourceTree = BUILT_PRODUCTS_DIR; };
		7E688540298DA51700E02D31 /* DI_ExampleTests.swift */ = {isa = PBXFileReference; lastKnownFileType = sourcecode.swift; path = DI_ExampleTests.swift; sourceTree = "<group>"; };
		7E688546298DA51700E02D31 /* DI-ExampleUITests.xctest */ = {isa = PBXFileReference; explicitFileType = wrapper.cfbundle; includeInIndex = 0; path = "DI-ExampleUITests.xctest"; sourceTree = BUILT_PRODUCTS_DIR; };
		7E68854A298DA51700E02D31 /* DI_ExampleUITests.swift */ = {isa = PBXFileReference; lastKnownFileType = sourcecode.swift; path = DI_ExampleUITests.swift; sourceTree = "<group>"; };
		7E68854C298DA51700E02D31 /* DI_ExampleUITestsLaunchTests.swift */ = {isa = PBXFileReference; lastKnownFileType = sourcecode.swift; path = DI_ExampleUITestsLaunchTests.swift; sourceTree = "<group>"; };
		91088C6DB7B4B710449DD41C /* Pods-DI-Example-DI-ExampleUITests.release.xcconfig */ = {isa = PBXFileReference; includeInIndex = 1; lastKnownFileType = text.xcconfig; name = "Pods-DI-Example-DI-ExampleUITests.release.xcconfig"; path = "Target Support Files/Pods-DI-Example-DI-ExampleUITests/Pods-DI-Example-DI-ExampleUITests.release.xcconfig"; sourceTree = "<group>"; };
		976793459BDD2AB2BCB6D1D1 /* Pods-DI-Example.debug.xcconfig */ = {isa = PBXFileReference; includeInIndex = 1; lastKnownFileType = text.xcconfig; name = "Pods-DI-Example.debug.xcconfig"; path = "Target Support Files/Pods-DI-Example/Pods-DI-Example.debug.xcconfig"; sourceTree = "<group>"; };
		9D090BDE07FEBE82858F56B1 /* Pods-DI-ExampleTests.release.xcconfig */ = {isa = PBXFileReference; includeInIndex = 1; lastKnownFileType = text.xcconfig; name = "Pods-DI-ExampleTests.release.xcconfig"; path = "Target Support Files/Pods-DI-ExampleTests/Pods-DI-ExampleTests.release.xcconfig"; sourceTree = "<group>"; };
		B2D462537A5BD43A13857917 /* Pods_DI_Example_DI_ExampleUITests.framework */ = {isa = PBXFileReference; explicitFileType = wrapper.framework; includeInIndex = 0; path = Pods_DI_Example_DI_ExampleUITests.framework; sourceTree = BUILT_PRODUCTS_DIR; };
		BFFF41938D1BD0ED56CA693C /* Pods-DI-ExampleTests.debug.xcconfig */ = {isa = PBXFileReference; includeInIndex = 1; lastKnownFileType = text.xcconfig; name = "Pods-DI-ExampleTests.debug.xcconfig"; path = "Target Support Files/Pods-DI-ExampleTests/Pods-DI-ExampleTests.debug.xcconfig"; sourceTree = "<group>"; };
		CACCC158D30192BACD741210 /* Pods-DI-Example-DI-ExampleUITests.debug.xcconfig */ = {isa = PBXFileReference; includeInIndex = 1; lastKnownFileType = text.xcconfig; name = "Pods-DI-Example-DI-ExampleUITests.debug.xcconfig"; path = "Target Support Files/Pods-DI-Example-DI-ExampleUITests/Pods-DI-Example-DI-ExampleUITests.debug.xcconfig"; sourceTree = "<group>"; };
		DCF22A6A69D468B4CEFFE8FF /* Pods-DI-Example.release.xcconfig */ = {isa = PBXFileReference; includeInIndex = 1; lastKnownFileType = text.xcconfig; name = "Pods-DI-Example.release.xcconfig"; path = "Target Support Files/Pods-DI-Example/Pods-DI-Example.release.xcconfig"; sourceTree = "<group>"; };
		E83C618858CF060ADB5C1B92 /* Pods_DI_ExampleTests.framework */ = {isa = PBXFileReference; explicitFileType = wrapper.framework; includeInIndex = 0; path = Pods_DI_ExampleTests.framework; sourceTree = BUILT_PRODUCTS_DIR; };
/* End PBXFileReference section */

/* Begin PBXFrameworksBuildPhase section */
		7E688523298DA51400E02D31 /* Frameworks */ = {
			isa = PBXFrameworksBuildPhase;
			buildActionMask = 2147483647;
			files = (
				2790D4979CAAC6479910C1F8 /* Pods_DI_Example.framework in Frameworks */,
			);
			runOnlyForDeploymentPostprocessing = 0;
		};
		7E688539298DA51700E02D31 /* Frameworks */ = {
			isa = PBXFrameworksBuildPhase;
			buildActionMask = 2147483647;
			files = (
				AB96AC1E2A047F94518AA6AF /* Pods_DI_ExampleTests.framework in Frameworks */,
			);
			runOnlyForDeploymentPostprocessing = 0;
		};
		7E688543298DA51700E02D31 /* Frameworks */ = {
			isa = PBXFrameworksBuildPhase;
			buildActionMask = 2147483647;
			files = (
				FFC518405F5E4E0F93334E6B /* Pods_DI_Example_DI_ExampleUITests.framework in Frameworks */,
			);
			runOnlyForDeploymentPostprocessing = 0;
		};
/* End PBXFrameworksBuildPhase section */

/* Begin PBXGroup section */
		477DB1DB0C29175CA28E7ED3 /* Pods */ = {
			isa = PBXGroup;
			children = (
				976793459BDD2AB2BCB6D1D1 /* Pods-DI-Example.debug.xcconfig */,
				DCF22A6A69D468B4CEFFE8FF /* Pods-DI-Example.release.xcconfig */,
				CACCC158D30192BACD741210 /* Pods-DI-Example-DI-ExampleUITests.debug.xcconfig */,
				91088C6DB7B4B710449DD41C /* Pods-DI-Example-DI-ExampleUITests.release.xcconfig */,
				BFFF41938D1BD0ED56CA693C /* Pods-DI-ExampleTests.debug.xcconfig */,
				9D090BDE07FEBE82858F56B1 /* Pods-DI-ExampleTests.release.xcconfig */,
			);
			name = Pods;
			path = Pods;
			sourceTree = "<group>";
		};
		7C1F46E1A25222EFB64BF99B /* Frameworks */ = {
			isa = PBXGroup;
			children = (
				1F6EB56A2008C6469D6813D7 /* Pods_DI_Example.framework */,
				B2D462537A5BD43A13857917 /* Pods_DI_Example_DI_ExampleUITests.framework */,
				E83C618858CF060ADB5C1B92 /* Pods_DI_ExampleTests.framework */,
			);
			name = Frameworks;
			sourceTree = "<group>";
		};
		7E68851D298DA51400E02D31 = {
			isa = PBXGroup;
			children = (
				7E688528298DA51400E02D31 /* DI-Example */,
				7E68853F298DA51700E02D31 /* DI-ExampleTests */,
				7E688549298DA51700E02D31 /* DI-ExampleUITests */,
				7E688527298DA51400E02D31 /* Products */,
				477DB1DB0C29175CA28E7ED3 /* Pods */,
				7C1F46E1A25222EFB64BF99B /* Frameworks */,
			);
			sourceTree = "<group>";
		};
		7E688527298DA51400E02D31 /* Products */ = {
			isa = PBXGroup;
			children = (
				7E688526298DA51400E02D31 /* DI-Example.app */,
				7E68853C298DA51700E02D31 /* DI-ExampleTests.xctest */,
				7E688546298DA51700E02D31 /* DI-ExampleUITests.xctest */,
			);
			name = Products;
			sourceTree = "<group>";
		};
		7E688528298DA51400E02D31 /* DI-Example */ = {
			isa = PBXGroup;
			children = (
				7E688529298DA51400E02D31 /* AppDelegate.swift */,
				7E68852B298DA51400E02D31 /* SceneDelegate.swift */,
				7E68852D298DA51400E02D31 /* ViewController.swift */,
				7E68852F298DA51400E02D31 /* Main.storyboard */,
				7E688532298DA51600E02D31 /* Assets.xcassets */,
				7E688534298DA51600E02D31 /* LaunchScreen.storyboard */,
				7E688537298DA51600E02D31 /* Info.plist */,
			);
			path = "DI-Example";
			sourceTree = "<group>";
		};
		7E68853F298DA51700E02D31 /* DI-ExampleTests */ = {
			isa = PBXGroup;
			children = (
				7E688540298DA51700E02D31 /* DI_ExampleTests.swift */,
			);
			path = "DI-ExampleTests";
			sourceTree = "<group>";
		};
		7E688549298DA51700E02D31 /* DI-ExampleUITests */ = {
			isa = PBXGroup;
			children = (
				7E68854A298DA51700E02D31 /* DI_ExampleUITests.swift */,
				7E68854C298DA51700E02D31 /* DI_ExampleUITestsLaunchTests.swift */,
			);
			path = "DI-ExampleUITests";
			sourceTree = "<group>";
		};
/* End PBXGroup section */

/* Begin PBXNativeTarget section */
		7E688525298DA51400E02D31 /* DI-Example */ = {
			isa = PBXNativeTarget;
			buildConfigurationList = 7E688550298DA51700E02D31 /* Build configuration list for PBXNativeTarget "DI-Example" */;
			buildPhases = (
				C2FE3BB1BE3316F6ABBEBA6C /* [CP] Check Pods Manifest.lock */,
				7E688522298DA51400E02D31 /* Sources */,
				7E688523298DA51400E02D31 /* Frameworks */,
				7E688524298DA51400E02D31 /* Resources */,
				B97D30EC9816755DF1E46DF3 /* [CP] Embed Pods Frameworks */,
			);
			buildRules = (
			);
			dependencies = (
			);
			name = "DI-Example";
			productName = "DI-Example";
			productReference = 7E688526298DA51400E02D31 /* DI-Example.app */;
			productType = "com.apple.product-type.application";
		};
		7E68853B298DA51700E02D31 /* DI-ExampleTests */ = {
			isa = PBXNativeTarget;
			buildConfigurationList = 7E688553298DA51700E02D31 /* Build configuration list for PBXNativeTarget "DI-ExampleTests" */;
			buildPhases = (
				4D0EF607978B017A8A8C8F96 /* [CP] Check Pods Manifest.lock */,
				7E688538298DA51700E02D31 /* Sources */,
				7E688539298DA51700E02D31 /* Frameworks */,
				7E68853A298DA51700E02D31 /* Resources */,
			);
			buildRules = (
			);
			dependencies = (
				7E68853E298DA51700E02D31 /* PBXTargetDependency */,
			);
			name = "DI-ExampleTests";
			productName = "DI-ExampleTests";
			productReference = 7E68853C298DA51700E02D31 /* DI-ExampleTests.xctest */;
			productType = "com.apple.product-type.bundle.unit-test";
		};
		7E688545298DA51700E02D31 /* DI-ExampleUITests */ = {
			isa = PBXNativeTarget;
			buildConfigurationList = 7E688556298DA51700E02D31 /* Build configuration list for PBXNativeTarget "DI-ExampleUITests" */;
			buildPhases = (
				285CB011C24EBDA8543012A5 /* [CP] Check Pods Manifest.lock */,
				7E688542298DA51700E02D31 /* Sources */,
				7E688543298DA51700E02D31 /* Frameworks */,
				7E688544298DA51700E02D31 /* Resources */,
				84E1DA1BAA6A7BCE8185BA2F /* [CP] Embed Pods Frameworks */,
			);
			buildRules = (
			);
			dependencies = (
				7E688548298DA51700E02D31 /* PBXTargetDependency */,
			);
			name = "DI-ExampleUITests";
			productName = "DI-ExampleUITests";
			productReference = 7E688546298DA51700E02D31 /* DI-ExampleUITests.xctest */;
			productType = "com.apple.product-type.bundle.ui-testing";
		};
/* End PBXNativeTarget section */

/* Begin PBXProject section */
		7E68851E298DA51400E02D31 /* Project object */ = {
			isa = PBXProject;
			attributes = {
				BuildIndependentTargetsInParallel = 1;
				LastSwiftUpdateCheck = 1420;
				LastUpgradeCheck = 1420;
				TargetAttributes = {
					7E688525298DA51400E02D31 = {
						CreatedOnToolsVersion = 14.2;
					};
					7E68853B298DA51700E02D31 = {
						CreatedOnToolsVersion = 14.2;
						TestTargetID = 7E688525298DA51400E02D31;
					};
					7E688545298DA51700E02D31 = {
						CreatedOnToolsVersion = 14.2;
						TestTargetID = 7E688525298DA51400E02D31;
					};
				};
			};
			buildConfigurationList = 7E688521298DA51400E02D31 /* Build configuration list for PBXProject "DI-Example" */;
			compatibilityVersion = "Xcode 14.0";
			developmentRegion = en;
			hasScannedForEncodings = 0;
			knownRegions = (
				en,
				Base,
			);
			mainGroup = 7E68851D298DA51400E02D31;
			productRefGroup = 7E688527298DA51400E02D31 /* Products */;
			projectDirPath = "";
			projectRoot = "";
			targets = (
				7E688525298DA51400E02D31 /* DI-Example */,
				7E68853B298DA51700E02D31 /* DI-ExampleTests */,
				7E688545298DA51700E02D31 /* DI-ExampleUITests */,
			);
		};
/* End PBXProject section */

/* Begin PBXResourcesBuildPhase section */
		7E688524298DA51400E02D31 /* Resources */ = {
			isa = PBXResourcesBuildPhase;
			buildActionMask = 2147483647;
			files = (
				7E688536298DA51600E02D31 /* LaunchScreen.storyboard in Resources */,
				7E688533298DA51600E02D31 /* Assets.xcassets in Resources */,
				7E688531298DA51400E02D31 /* Main.storyboard in Resources */,
			);
			runOnlyForDeploymentPostprocessing = 0;
		};
		7E68853A298DA51700E02D31 /* Resources */ = {
			isa = PBXResourcesBuildPhase;
			buildActionMask = 2147483647;
			files = (
			);
			runOnlyForDeploymentPostprocessing = 0;
		};
		7E688544298DA51700E02D31 /* Resources */ = {
			isa = PBXResourcesBuildPhase;
			buildActionMask = 2147483647;
			files = (
			);
			runOnlyForDeploymentPostprocessing = 0;
		};
/* End PBXResourcesBuildPhase section */

/* Begin PBXShellScriptBuildPhase section */
		285CB011C24EBDA8543012A5 /* [CP] Check Pods Manifest.lock */ = {
			isa = PBXShellScriptBuildPhase;
			buildActionMask = 2147483647;
			files = (
			);
			inputFileListPaths = (
			);
			inputPaths = (
				"${PODS_PODFILE_DIR_PATH}/Podfile.lock",
				"${PODS_ROOT}/Manifest.lock",
			);
			name = "[CP] Check Pods Manifest.lock";
			outputFileListPaths = (
			);
			outputPaths = (
				"$(DERIVED_FILE_DIR)/Pods-DI-Example-DI-ExampleUITests-checkManifestLockResult.txt",
			);
			runOnlyForDeploymentPostprocessing = 0;
			shellPath = /bin/sh;
			shellScript = "diff \"${PODS_PODFILE_DIR_PATH}/Podfile.lock\" \"${PODS_ROOT}/Manifest.lock\" > /dev/null\nif [ $? != 0 ] ; then\n    # print error to STDERR\n    echo \"error: The sandbox is not in sync with the Podfile.lock. Run 'pod install' or update your CocoaPods installation.\" >&2\n    exit 1\nfi\n# This output is used by Xcode 'outputs' to avoid re-running this script phase.\necho \"SUCCESS\" > \"${SCRIPT_OUTPUT_FILE_0}\"\n";
			showEnvVarsInLog = 0;
		};
		4D0EF607978B017A8A8C8F96 /* [CP] Check Pods Manifest.lock */ = {
			isa = PBXShellScriptBuildPhase;
			buildActionMask = 2147483647;
			files = (
			);
			inputFileListPaths = (
			);
			inputPaths = (
				"${PODS_PODFILE_DIR_PATH}/Podfile.lock",
				"${PODS_ROOT}/Manifest.lock",
			);
			name = "[CP] Check Pods Manifest.lock";
			outputFileListPaths = (
			);
			outputPaths = (
				"$(DERIVED_FILE_DIR)/Pods-DI-ExampleTests-checkManifestLockResult.txt",
			);
			runOnlyForDeploymentPostprocessing = 0;
			shellPath = /bin/sh;
			shellScript = "diff \"${PODS_PODFILE_DIR_PATH}/Podfile.lock\" \"${PODS_ROOT}/Manifest.lock\" > /dev/null\nif [ $? != 0 ] ; then\n    # print error to STDERR\n    echo \"error: The sandbox is not in sync with the Podfile.lock. Run 'pod install' or update your CocoaPods installation.\" >&2\n    exit 1\nfi\n# This output is used by Xcode 'outputs' to avoid re-running this script phase.\necho \"SUCCESS\" > \"${SCRIPT_OUTPUT_FILE_0}\"\n";
			showEnvVarsInLog = 0;
		};
		84E1DA1BAA6A7BCE8185BA2F /* [CP] Embed Pods Frameworks */ = {
			isa = PBXShellScriptBuildPhase;
			buildActionMask = 2147483647;
			files = (
			);
			inputFileListPaths = (
				"${PODS_ROOT}/Target Support Files/Pods-DI-Example-DI-ExampleUITests/Pods-DI-Example-DI-ExampleUITests-frameworks-${CONFIGURATION}-input-files.xcfilelist",
			);
			name = "[CP] Embed Pods Frameworks";
			outputFileListPaths = (
				"${PODS_ROOT}/Target Support Files/Pods-DI-Example-DI-ExampleUITests/Pods-DI-Example-DI-ExampleUITests-frameworks-${CONFIGURATION}-output-files.xcfilelist",
			);
			runOnlyForDeploymentPostprocessing = 0;
			shellPath = /bin/sh;
			shellScript = "\"${PODS_ROOT}/Target Support Files/Pods-DI-Example-DI-ExampleUITests/Pods-DI-Example-DI-ExampleUITests-frameworks.sh\"\n";
			showEnvVarsInLog = 0;
		};
		B97D30EC9816755DF1E46DF3 /* [CP] Embed Pods Frameworks */ = {
			isa = PBXShellScriptBuildPhase;
			buildActionMask = 2147483647;
			files = (
			);
			inputFileListPaths = (
				"${PODS_ROOT}/Target Support Files/Pods-DI-Example/Pods-DI-Example-frameworks-${CONFIGURATION}-input-files.xcfilelist",
			);
			name = "[CP] Embed Pods Frameworks";
			outputFileListPaths = (
				"${PODS_ROOT}/Target Support Files/Pods-DI-Example/Pods-DI-Example-frameworks-${CONFIGURATION}-output-files.xcfilelist",
			);
			runOnlyForDeploymentPostprocessing = 0;
			shellPath = /bin/sh;
			shellScript = "\"${PODS_ROOT}/Target Support Files/Pods-DI-Example/Pods-DI-Example-frameworks.sh\"\n";
			showEnvVarsInLog = 0;
		};
		C2FE3BB1BE3316F6ABBEBA6C /* [CP] Check Pods Manifest.lock */ = {
			isa = PBXShellScriptBuildPhase;
			buildActionMask = 2147483647;
			files = (
			);
			inputFileListPaths = (
			);
			inputPaths = (
				"${PODS_PODFILE_DIR_PATH}/Podfile.lock",
				"${PODS_ROOT}/Manifest.lock",
			);
			name = "[CP] Check Pods Manifest.lock";
			outputFileListPaths = (
			);
			outputPaths = (
				"$(DERIVED_FILE_DIR)/Pods-DI-Example-checkManifestLockResult.txt",
			);
			runOnlyForDeploymentPostprocessing = 0;
			shellPath = /bin/sh;
			shellScript = "diff \"${PODS_PODFILE_DIR_PATH}/Podfile.lock\" \"${PODS_ROOT}/Manifest.lock\" > /dev/null\nif [ $? != 0 ] ; then\n    # print error to STDERR\n    echo \"error: The sandbox is not in sync with the Podfile.lock. Run 'pod install' or update your CocoaPods installation.\" >&2\n    exit 1\nfi\n# This output is used by Xcode 'outputs' to avoid re-running this script phase.\necho \"SUCCESS\" > \"${SCRIPT_OUTPUT_FILE_0}\"\n";
			showEnvVarsInLog = 0;
		};
/* End PBXShellScriptBuildPhase section */

/* Begin PBXSourcesBuildPhase section */
		7E688522298DA51400E02D31 /* Sources */ = {
			isa = PBXSourcesBuildPhase;
			buildActionMask = 2147483647;
			files = (
				7E68852E298DA51400E02D31 /* ViewController.swift in Sources */,
				7E68852A298DA51400E02D31 /* AppDelegate.swift in Sources */,
				7E68852C298DA51400E02D31 /* SceneDelegate.swift in Sources */,
			);
			runOnlyForDeploymentPostprocessing = 0;
		};
		7E688538298DA51700E02D31 /* Sources */ = {
			isa = PBXSourcesBuildPhase;
			buildActionMask = 2147483647;
			files = (
				7E688541298DA51700E02D31 /* DI_ExampleTests.swift in Sources */,
			);
			runOnlyForDeploymentPostprocessing = 0;
		};
		7E688542298DA51700E02D31 /* Sources */ = {
			isa = PBXSourcesBuildPhase;
			buildActionMask = 2147483647;
			files = (
				7E68854D298DA51700E02D31 /* DI_ExampleUITestsLaunchTests.swift in Sources */,
				7E68854B298DA51700E02D31 /* DI_ExampleUITests.swift in Sources */,
			);
			runOnlyForDeploymentPostprocessing = 0;
		};
/* End PBXSourcesBuildPhase section */

/* Begin PBXTargetDependency section */
		7E68853E298DA51700E02D31 /* PBXTargetDependency */ = {
			isa = PBXTargetDependency;
			target = 7E688525298DA51400E02D31 /* DI-Example */;
			targetProxy = 7E68853D298DA51700E02D31 /* PBXContainerItemProxy */;
		};
		7E688548298DA51700E02D31 /* PBXTargetDependency */ = {
			isa = PBXTargetDependency;
			target = 7E688525298DA51400E02D31 /* DI-Example */;
			targetProxy = 7E688547298DA51700E02D31 /* PBXContainerItemProxy */;
		};
/* End PBXTargetDependency section */

/* Begin PBXVariantGroup section */
		7E68852F298DA51400E02D31 /* Main.storyboard */ = {
			isa = PBXVariantGroup;
			children = (
				7E688530298DA51400E02D31 /* Base */,
			);
			name = Main.storyboard;
			sourceTree = "<group>";
		};
		7E688534298DA51600E02D31 /* LaunchScreen.storyboard */ = {
			isa = PBXVariantGroup;
			children = (
				7E688535298DA51600E02D31 /* Base */,
			);
			name = LaunchScreen.storyboard;
			sourceTree = "<group>";
		};
/* End PBXVariantGroup section */

/* Begin XCBuildConfiguration section */
		7E68854E298DA51700E02D31 /* Debug */ = {
			isa = XCBuildConfiguration;
			buildSettings = {
				ALWAYS_SEARCH_USER_PATHS = NO;
				CLANG_ANALYZER_NONNULL = YES;
				CLANG_ANALYZER_NUMBER_OBJECT_CONVERSION = YES_AGGRESSIVE;
				CLANG_CXX_LANGUAGE_STANDARD = "gnu++20";
				CLANG_ENABLE_MODULES = YES;
				CLANG_ENABLE_OBJC_ARC = YES;
				CLANG_ENABLE_OBJC_WEAK = YES;
				CLANG_WARN_BLOCK_CAPTURE_AUTORELEASING = YES;
				CLANG_WARN_BOOL_CONVERSION = YES;
				CLANG_WARN_COMMA = YES;
				CLANG_WARN_CONSTANT_CONVERSION = YES;
				CLANG_WARN_DEPRECATED_OBJC_IMPLEMENTATIONS = YES;
				CLANG_WARN_DIRECT_OBJC_ISA_USAGE = YES_ERROR;
				CLANG_WARN_DOCUMENTATION_COMMENTS = YES;
				CLANG_WARN_EMPTY_BODY = YES;
				CLANG_WARN_ENUM_CONVERSION = YES;
				CLANG_WARN_INFINITE_RECURSION = YES;
				CLANG_WARN_INT_CONVERSION = YES;
				CLANG_WARN_NON_LITERAL_NULL_CONVERSION = YES;
				CLANG_WARN_OBJC_IMPLICIT_RETAIN_SELF = YES;
				CLANG_WARN_OBJC_LITERAL_CONVERSION = YES;
				CLANG_WARN_OBJC_ROOT_CLASS = YES_ERROR;
				CLANG_WARN_QUOTED_INCLUDE_IN_FRAMEWORK_HEADER = YES;
				CLANG_WARN_RANGE_LOOP_ANALYSIS = YES;
				CLANG_WARN_STRICT_PROTOTYPES = YES;
				CLANG_WARN_SUSPICIOUS_MOVE = YES;
				CLANG_WARN_UNGUARDED_AVAILABILITY = YES_AGGRESSIVE;
				CLANG_WARN_UNREACHABLE_CODE = YES;
				CLANG_WARN__DUPLICATE_METHOD_MATCH = YES;
				COPY_PHASE_STRIP = NO;
				DEBUG_INFORMATION_FORMAT = dwarf;
				ENABLE_STRICT_OBJC_MSGSEND = YES;
				ENABLE_TESTABILITY = YES;
				GCC_C_LANGUAGE_STANDARD = gnu11;
				GCC_DYNAMIC_NO_PIC = NO;
				GCC_NO_COMMON_BLOCKS = YES;
				GCC_OPTIMIZATION_LEVEL = 0;
				GCC_PREPROCESSOR_DEFINITIONS = (
					"DEBUG=1",
					"$(inherited)",
				);
				GCC_WARN_64_TO_32_BIT_CONVERSION = YES;
				GCC_WARN_ABOUT_RETURN_TYPE = YES_ERROR;
				GCC_WARN_UNDECLARED_SELECTOR = YES;
				GCC_WARN_UNINITIALIZED_AUTOS = YES_AGGRESSIVE;
				GCC_WARN_UNUSED_FUNCTION = YES;
				GCC_WARN_UNUSED_VARIABLE = YES;
				IPHONEOS_DEPLOYMENT_TARGET = 16.2;
				MTL_ENABLE_DEBUG_INFO = INCLUDE_SOURCE;
				MTL_FAST_MATH = YES;
				ONLY_ACTIVE_ARCH = YES;
				SDKROOT = iphoneos;
				SWIFT_ACTIVE_COMPILATION_CONDITIONS = DEBUG;
				SWIFT_OPTIMIZATION_LEVEL = "-Onone";
			};
			name = Debug;
		};
		7E68854F298DA51700E02D31 /* Release */ = {
			isa = XCBuildConfiguration;
			buildSettings = {
				ALWAYS_SEARCH_USER_PATHS = NO;
				CLANG_ANALYZER_NONNULL = YES;
				CLANG_ANALYZER_NUMBER_OBJECT_CONVERSION = YES_AGGRESSIVE;
				CLANG_CXX_LANGUAGE_STANDARD = "gnu++20";
				CLANG_ENABLE_MODULES = YES;
				CLANG_ENABLE_OBJC_ARC = YES;
				CLANG_ENABLE_OBJC_WEAK = YES;
				CLANG_WARN_BLOCK_CAPTURE_AUTORELEASING = YES;
				CLANG_WARN_BOOL_CONVERSION = YES;
				CLANG_WARN_COMMA = YES;
				CLANG_WARN_CONSTANT_CONVERSION = YES;
				CLANG_WARN_DEPRECATED_OBJC_IMPLEMENTATIONS = YES;
				CLANG_WARN_DIRECT_OBJC_ISA_USAGE = YES_ERROR;
				CLANG_WARN_DOCUMENTATION_COMMENTS = YES;
				CLANG_WARN_EMPTY_BODY = YES;
				CLANG_WARN_ENUM_CONVERSION = YES;
				CLANG_WARN_INFINITE_RECURSION = YES;
				CLANG_WARN_INT_CONVERSION = YES;
				CLANG_WARN_NON_LITERAL_NULL_CONVERSION = YES;
				CLANG_WARN_OBJC_IMPLICIT_RETAIN_SELF = YES;
				CLANG_WARN_OBJC_LITERAL_CONVERSION = YES;
				CLANG_WARN_OBJC_ROOT_CLASS = YES_ERROR;
				CLANG_WARN_QUOTED_INCLUDE_IN_FRAMEWORK_HEADER = YES;
				CLANG_WARN_RANGE_LOOP_ANALYSIS = YES;
				CLANG_WARN_STRICT_PROTOTYPES = YES;
				CLANG_WARN_SUSPICIOUS_MOVE = YES;
				CLANG_WARN_UNGUARDED_AVAILABILITY = YES_AGGRESSIVE;
				CLANG_WARN_UNREACHABLE_CODE = YES;
				CLANG_WARN__DUPLICATE_METHOD_MATCH = YES;
				COPY_PHASE_STRIP = NO;
				DEBUG_INFORMATION_FORMAT = "dwarf-with-dsym";
				ENABLE_NS_ASSERTIONS = NO;
				ENABLE_STRICT_OBJC_MSGSEND = YES;
				GCC_C_LANGUAGE_STANDARD = gnu11;
				GCC_NO_COMMON_BLOCKS = YES;
				GCC_WARN_64_TO_32_BIT_CONVERSION = YES;
				GCC_WARN_ABOUT_RETURN_TYPE = YES_ERROR;
				GCC_WARN_UNDECLARED_SELECTOR = YES;
				GCC_WARN_UNINITIALIZED_AUTOS = YES_AGGRESSIVE;
				GCC_WARN_UNUSED_FUNCTION = YES;
				GCC_WARN_UNUSED_VARIABLE = YES;
				IPHONEOS_DEPLOYMENT_TARGET = 16.2;
				MTL_ENABLE_DEBUG_INFO = NO;
				MTL_FAST_MATH = YES;
				SDKROOT = iphoneos;
				SWIFT_COMPILATION_MODE = wholemodule;
				SWIFT_OPTIMIZATION_LEVEL = "-O";
				VALIDATE_PRODUCT = YES;
			};
			name = Release;
		};
		7E688551298DA51700E02D31 /* Debug */ = {
			isa = XCBuildConfiguration;
			baseConfigurationReference = 976793459BDD2AB2BCB6D1D1 /* Pods-DI-Example.debug.xcconfig */;
			buildSettings = {
				ASSETCATALOG_COMPILER_APPICON_NAME = AppIcon;
				ASSETCATALOG_COMPILER_GLOBAL_ACCENT_COLOR_NAME = AccentColor;
				CODE_SIGN_STYLE = Automatic;
				CURRENT_PROJECT_VERSION = 1;
				DEVELOPMENT_TEAM = 76P85BXFRK;
				GENERATE_INFOPLIST_FILE = YES;
				INFOPLIST_FILE = "DI-Example/Info.plist";
				INFOPLIST_KEY_UIApplicationSupportsIndirectInputEvents = YES;
				INFOPLIST_KEY_UILaunchStoryboardName = LaunchScreen;
				INFOPLIST_KEY_UIMainStoryboardFile = Main;
				INFOPLIST_KEY_UISupportedInterfaceOrientations_iPad = "UIInterfaceOrientationPortrait UIInterfaceOrientationPortraitUpsideDown UIInterfaceOrientationLandscapeLeft UIInterfaceOrientationLandscapeRight";
				INFOPLIST_KEY_UISupportedInterfaceOrientations_iPhone = "UIInterfaceOrientationPortrait UIInterfaceOrientationLandscapeLeft UIInterfaceOrientationLandscapeRight";
				LD_RUNPATH_SEARCH_PATHS = (
					"$(inherited)",
					"@executable_path/Frameworks",
				);
				MARKETING_VERSION = 1.0;
				PRODUCT_BUNDLE_IDENTIFIER = "com.itsalhussein.DI-Example";
				PRODUCT_NAME = "$(TARGET_NAME)";
				SUPPORTED_PLATFORMS = "iphoneos iphonesimulator";
				SUPPORTS_MACCATALYST = NO;
				SUPPORTS_MAC_DESIGNED_FOR_IPHONE_IPAD = NO;
				SWIFT_EMIT_LOC_STRINGS = YES;
				SWIFT_VERSION = 5.0;
				TARGETED_DEVICE_FAMILY = 1;
			};
			name = Debug;
		};
		7E688552298DA51700E02D31 /* Release */ = {
			isa = XCBuildConfiguration;
			baseConfigurationReference = DCF22A6A69D468B4CEFFE8FF /* Pods-DI-Example.release.xcconfig */;
			buildSettings = {
				ASSETCATALOG_COMPILER_APPICON_NAME = AppIcon;
				ASSETCATALOG_COMPILER_GLOBAL_ACCENT_COLOR_NAME = AccentColor;
				CODE_SIGN_STYLE = Automatic;
				CURRENT_PROJECT_VERSION = 1;
				DEVELOPMENT_TEAM = 76P85BXFRK;
				GENERATE_INFOPLIST_FILE = YES;
				INFOPLIST_FILE = "DI-Example/Info.plist";
				INFOPLIST_KEY_UIApplicationSupportsIndirectInputEvents = YES;
				INFOPLIST_KEY_UILaunchStoryboardName = LaunchScreen;
				INFOPLIST_KEY_UIMainStoryboardFile = Main;
				INFOPLIST_KEY_UISupportedInterfaceOrientations_iPad = "UIInterfaceOrientationPortrait UIInterfaceOrientationPortraitUpsideDown UIInterfaceOrientationLandscapeLeft UIInterfaceOrientationLandscapeRight";
				INFOPLIST_KEY_UISupportedInterfaceOrientations_iPhone = "UIInterfaceOrientationPortrait UIInterfaceOrientationLandscapeLeft UIInterfaceOrientationLandscapeRight";
				LD_RUNPATH_SEARCH_PATHS = (
					"$(inherited)",
					"@executable_path/Frameworks",
				);
				MARKETING_VERSION = 1.0;
				PRODUCT_BUNDLE_IDENTIFIER = "com.itsalhussein.DI-Example";
				PRODUCT_NAME = "$(TARGET_NAME)";
				SUPPORTED_PLATFORMS = "iphoneos iphonesimulator";
				SUPPORTS_MACCATALYST = NO;
				SUPPORTS_MAC_DESIGNED_FOR_IPHONE_IPAD = NO;
				SWIFT_EMIT_LOC_STRINGS = YES;
				SWIFT_VERSION = 5.0;
				TARGETED_DEVICE_FAMILY = 1;
			};
			name = Release;
		};
		7E688554298DA51700E02D31 /* Debug */ = {
			isa = XCBuildConfiguration;
			baseConfigurationReference = BFFF41938D1BD0ED56CA693C /* Pods-DI-ExampleTests.debug.xcconfig */;
			buildSettings = {
				ALWAYS_EMBED_SWIFT_STANDARD_LIBRARIES = YES;
				BUNDLE_LOADER = "$(TEST_HOST)";
				CODE_SIGN_STYLE = Automatic;
				CURRENT_PROJECT_VERSION = 1;
				DEVELOPMENT_TEAM = 76P85BXFRK;
				GENERATE_INFOPLIST_FILE = YES;
				IPHONEOS_DEPLOYMENT_TARGET = 16.2;
				MARKETING_VERSION = 1.0;
				PRODUCT_BUNDLE_IDENTIFIER = "com.itsalhussein.DI-ExampleTests";
				PRODUCT_NAME = "$(TARGET_NAME)";
				SWIFT_EMIT_LOC_STRINGS = NO;
				SWIFT_VERSION = 5.0;
				TARGETED_DEVICE_FAMILY = "1,2";
				TEST_HOST = "$(BUILT_PRODUCTS_DIR)/DI-Example.app/$(BUNDLE_EXECUTABLE_FOLDER_PATH)/DI-Example";
			};
			name = Debug;
		};
		7E688555298DA51700E02D31 /* Release */ = {
			isa = XCBuildConfiguration;
			baseConfigurationReference = 9D090BDE07FEBE82858F56B1 /* Pods-DI-ExampleTests.release.xcconfig */;
			buildSettings = {
				ALWAYS_EMBED_SWIFT_STANDARD_LIBRARIES = YES;
				BUNDLE_LOADER = "$(TEST_HOST)";
				CODE_SIGN_STYLE = Automatic;
				CURRENT_PROJECT_VERSION = 1;
				DEVELOPMENT_TEAM = 76P85BXFRK;
				GENERATE_INFOPLIST_FILE = YES;
				IPHONEOS_DEPLOYMENT_TARGET = 16.2;
				MARKETING_VERSION = 1.0;
				PRODUCT_BUNDLE_IDENTIFIER = "com.itsalhussein.DI-ExampleTests";
				PRODUCT_NAME = "$(TARGET_NAME)";
				SWIFT_EMIT_LOC_STRINGS = NO;
				SWIFT_VERSION = 5.0;
				TARGETED_DEVICE_FAMILY = "1,2";
				TEST_HOST = "$(BUILT_PRODUCTS_DIR)/DI-Example.app/$(BUNDLE_EXECUTABLE_FOLDER_PATH)/DI-Example";
			};
			name = Release;
		};
		7E688557298DA51700E02D31 /* Debug */ = {
			isa = XCBuildConfiguration;
			baseConfigurationReference = CACCC158D30192BACD741210 /* Pods-DI-Example-DI-ExampleUITests.debug.xcconfig */;
			buildSettings = {
				ALWAYS_EMBED_SWIFT_STANDARD_LIBRARIES = YES;
				CODE_SIGN_STYLE = Automatic;
				CURRENT_PROJECT_VERSION = 1;
				DEVELOPMENT_TEAM = 76P85BXFRK;
				GENERATE_INFOPLIST_FILE = YES;
				MARKETING_VERSION = 1.0;
				PRODUCT_BUNDLE_IDENTIFIER = "com.itsalhussein.DI-ExampleUITests";
				PRODUCT_NAME = "$(TARGET_NAME)";
				SWIFT_EMIT_LOC_STRINGS = NO;
				SWIFT_VERSION = 5.0;
				TARGETED_DEVICE_FAMILY = "1,2";
				TEST_TARGET_NAME = "DI-Example";
			};
			name = Debug;
		};
		7E688558298DA51700E02D31 /* Release */ = {
			isa = XCBuildConfiguration;
			baseConfigurationReference = 91088C6DB7B4B710449DD41C /* Pods-DI-Example-DI-ExampleUITests.release.xcconfig */;
			buildSettings = {
				ALWAYS_EMBED_SWIFT_STANDARD_LIBRARIES = YES;
				CODE_SIGN_STYLE = Automatic;
				CURRENT_PROJECT_VERSION = 1;
				DEVELOPMENT_TEAM = 76P85BXFRK;
				GENERATE_INFOPLIST_FILE = YES;
				MARKETING_VERSION = 1.0;
				PRODUCT_BUNDLE_IDENTIFIER = "com.itsalhussein.DI-ExampleUITests";
				PRODUCT_NAME = "$(TARGET_NAME)";
				SWIFT_EMIT_LOC_STRINGS = NO;
				SWIFT_VERSION = 5.0;
				TARGETED_DEVICE_FAMILY = "1,2";
				TEST_TARGET_NAME = "DI-Example";
			};
			name = Release;
		};
/* End XCBuildConfiguration section */

/* Begin XCConfigurationList section */
		7E688521298DA51400E02D31 /* Build configuration list for PBXProject "DI-Example" */ = {
			isa = XCConfigurationList;
			buildConfigurations = (
				7E68854E298DA51700E02D31 /* Debug */,
				7E68854F298DA51700E02D31 /* Release */,
			);
			defaultConfigurationIsVisible = 0;
			defaultConfigurationName = Release;
		};
		7E688550298DA51700E02D31 /* Build configuration list for PBXNativeTarget "DI-Example" */ = {
			isa = XCConfigurationList;
			buildConfigurations = (
				7E688551298DA51700E02D31 /* Debug */,
				7E688552298DA51700E02D31 /* Release */,
			);
			defaultConfigurationIsVisible = 0;
			defaultConfigurationName = Release;
		};
		7E688553298DA51700E02D31 /* Build configuration list for PBXNativeTarget "DI-ExampleTests" */ = {
			isa = XCConfigurationList;
			buildConfigurations = (
				7E688554298DA51700E02D31 /* Debug */,
				7E688555298DA51700E02D31 /* Release */,
			);
			defaultConfigurationIsVisible = 0;
			defaultConfigurationName = Release;
		};
		7E688556298DA51700E02D31 /* Build configuration list for PBXNativeTarget "DI-ExampleUITests" */ = {
			isa = XCConfigurationList;
			buildConfigurations = (
				7E688557298DA51700E02D31 /* Debug */,
				7E688558298DA51700E02D31 /* Release */,
			);
			defaultConfigurationIsVisible = 0;
			defaultConfigurationName = Release;
		};
/* End XCConfigurationList section */
	};
	rootObject = 7E68851E298DA51400E02D31 /* Project object */;
}
